
Microsoft Visual Studio Solution File, Format Version 12.00
# Visual Studio Version 17
VisualStudioVersion = 17.13.35931.197 d17.13
MinimumVisualStudioVersion = 10.0.40219.1
Project("{FAE04EC0-301F-11D3-BF4B-00C04F79EFBC}") = "GTorrent", "GTorrent\GTorrent.csproj", "{31DA7D23-9E11-4A5B-9D3F-ED8F8A066EBF}"
EndProject
Global
	GlobalSection(SolutionConfigurationPlatforms) = preSolution
		Debug|Any CPU = Debug|Any CPU
		Release|Any CPU = Release|Any CPU
	EndGlobalSection
	GlobalSection(ProjectConfigurationPlatforms) = postSolution
		{31DA7D23-9E11-4A5B-9D3F-ED8F8A066EBF}.Debug|Any CPU.ActiveCfg = Debug|Any CPU
		{31DA7D23-9E11-4A5B-9D3F-ED8F8A066EBF}.Debug|Any CPU.Build.0 = Debug|Any CPU
		{31DA7D23-9E11-4A5B-9D3F-ED8F8A066EBF}.Release|Any CPU.ActiveCfg = Release|Any CPU
		{31DA7D23-9E11-4A5B-9D3F-ED8F8A066EBF}.Release|Any CPU.Build.0 = Release|Any CPU
	EndGlobalSection
	GlobalSection(SolutionProperties) = preSolution
		HideSolutionNode = FALSE
	EndGlobalSection
	GlobalSection(ExtensibilityGlobals) = postSolution
		SolutionGuid = {50EA4816-0A8D-4D3D-98E3-047D9553D598}
	EndGlobalSection
EndGlobal
